
Microsoft Visual Studio Solution File, Format Version 12.00
# Visual Studio Version 17
VisualStudioVersion = 17.2.32616.157
MinimumVisualStudioVersion = 10.0.40219.1
Project("{FAE04EC0-301F-11D3-BF4B-00C04F79EFBC}") = "EmployeeManagementSystem", "EmployeeManagementSystem\EmployeeManagementSystem.csproj", "{D8D696BF-A05C-4FAC-880D-0CEBB3956562}"
EndProject
Project("{FAE04EC0-301F-11D3-BF4B-00C04F79EFBC}") = "BAL", "BAL\BAL.csproj", "{67B6A198-BDA3-4FFC-9A90-C3F3A8A0F3A6}"
EndProject
Global
	GlobalSection(SolutionConfigurationPlatforms) = preSolution
		Debug|Any CPU = Debug|Any CPU
		Release|Any CPU = Release|Any CPU
	EndGlobalSection
	GlobalSection(ProjectConfigurationPlatforms) = postSolution
		{D8D696BF-A05C-4FAC-880D-0CEBB3956562}.Debug|Any CPU.ActiveCfg = Debug|Any CPU
		{D8D696BF-A05C-4FAC-880D-0CEBB3956562}.Debug|Any CPU.Build.0 = Debug|Any CPU
		{D8D696BF-A05C-4FAC-880D-0CEBB3956562}.Release|Any CPU.ActiveCfg = Release|Any CPU
		{D8D696BF-A05C-4FAC-880D-0CEBB3956562}.Release|Any CPU.Build.0 = Release|Any CPU
		{67B6A198-BDA3-4FFC-9A90-C3F3A8A0F3A6}.Debug|Any CPU.ActiveCfg = Debug|Any CPU
		{67B6A198-BDA3-4FFC-9A90-C3F3A8A0F3A6}.Debug|Any CPU.Build.0 = Debug|Any CPU
		{67B6A198-BDA3-4FFC-9A90-C3F3A8A0F3A6}.Release|Any CPU.ActiveCfg = Release|Any CPU
		{67B6A198-BDA3-4FFC-9A90-C3F3A8A0F3A6}.Release|Any CPU.Build.0 = Release|Any CPU
	EndGlobalSection
	GlobalSection(SolutionProperties) = preSolution
		HideSolutionNode = FALSE
	EndGlobalSection
	GlobalSection(ExtensibilityGlobals) = postSolution
		SolutionGuid = {47B2EB03-EC5D-4139-860D-B1C07521EFEE}
	EndGlobalSection
EndGlobal
